
Microsoft Visual Studio Solution File, Format Version 12.00
# Visual Studio Version 16
VisualStudioVersion = 16.0.29911.84
MinimumVisualStudioVersion = 10.0.40219.1
Project("{9A19103F-16F7-4668-BE54-9A1E7A4F7556}") = "WebApplication", "WebApplication\WebApplication.csproj", "{5965F150-4B67-4FF9-BE3F-D6672EEA7986}"
EndProject
Project("{9A19103F-16F7-4668-BE54-9A1E7A4F7556}") = "WorkerService", "WorkerService\WorkerService.csproj", "{A5292E28-9420-4D01-B39D-6030CD304C80}"
EndProject
Project("{9A19103F-16F7-4668-BE54-9A1E7A4F7556}") = "WorkerService.Messages", "WorkerService.Messages\WorkerService.Messages.csproj", "{A8986447-31BB-44D1-9808-2BB8CEE11F09}"
EndProject
Project("{9A19103F-16F7-4668-BE54-9A1E7A4F7556}") = "NServiceBus.Diagnostics", "NServiceBus.Diagnostics\NServiceBus.Diagnostics.csproj", "{AD213043-A612-4C31-B6B4-6DF14622788D}"
EndProject
Project("{9A19103F-16F7-4668-BE54-9A1E7A4F7556}") = "NServiceBus.Diagnostics.OpenTelemetry", "NServiceBus.Diagnostics.OpenTelemetry\NServiceBus.Diagnostics.OpenTelemetry.csproj", "{447D45E0-C332-4343-BC1A-DF7819D1459E}"
EndProject
Project("{2150E333-8FDC-42A3-9474-1A3956D46DE8}") = "Solution Items", "Solution Items", "{CE98ADE7-3D17-401F-97B9-9A5E585D2349}"
	ProjectSection(SolutionItems) = preProject
		nuget.config = nuget.config
		README.md = README.md
	EndProjectSection
EndProject
Global
	GlobalSection(SolutionConfigurationPlatforms) = preSolution
		Debug|Any CPU = Debug|Any CPU
		Release|Any CPU = Release|Any CPU
	EndGlobalSection
	GlobalSection(ProjectConfigurationPlatforms) = postSolution
		{5965F150-4B67-4FF9-BE3F-D6672EEA7986}.Debug|Any CPU.ActiveCfg = Debug|Any CPU
		{5965F150-4B67-4FF9-BE3F-D6672EEA7986}.Debug|Any CPU.Build.0 = Debug|Any CPU
		{5965F150-4B67-4FF9-BE3F-D6672EEA7986}.Release|Any CPU.ActiveCfg = Release|Any CPU
		{5965F150-4B67-4FF9-BE3F-D6672EEA7986}.Release|Any CPU.Build.0 = Release|Any CPU
		{A5292E28-9420-4D01-B39D-6030CD304C80}.Debug|Any CPU.ActiveCfg = Debug|Any CPU
		{A5292E28-9420-4D01-B39D-6030CD304C80}.Debug|Any CPU.Build.0 = Debug|Any CPU
		{A5292E28-9420-4D01-B39D-6030CD304C80}.Release|Any CPU.ActiveCfg = Release|Any CPU
		{A5292E28-9420-4D01-B39D-6030CD304C80}.Release|Any CPU.Build.0 = Release|Any CPU
		{A8986447-31BB-44D1-9808-2BB8CEE11F09}.Debug|Any CPU.ActiveCfg = Debug|Any CPU
		{A8986447-31BB-44D1-9808-2BB8CEE11F09}.Debug|Any CPU.Build.0 = Debug|Any CPU
		{A8986447-31BB-44D1-9808-2BB8CEE11F09}.Release|Any CPU.ActiveCfg = Release|Any CPU
		{A8986447-31BB-44D1-9808-2BB8CEE11F09}.Release|Any CPU.Build.0 = Release|Any CPU
		{AD213043-A612-4C31-B6B4-6DF14622788D}.Debug|Any CPU.ActiveCfg = Debug|Any CPU
		{AD213043-A612-4C31-B6B4-6DF14622788D}.Debug|Any CPU.Build.0 = Debug|Any CPU
		{AD213043-A612-4C31-B6B4-6DF14622788D}.Release|Any CPU.ActiveCfg = Release|Any CPU
		{AD213043-A612-4C31-B6B4-6DF14622788D}.Release|Any CPU.Build.0 = Release|Any CPU
		{447D45E0-C332-4343-BC1A-DF7819D1459E}.Debug|Any CPU.ActiveCfg = Debug|Any CPU
		{447D45E0-C332-4343-BC1A-DF7819D1459E}.Debug|Any CPU.Build.0 = Debug|Any CPU
		{447D45E0-C332-4343-BC1A-DF7819D1459E}.Release|Any CPU.ActiveCfg = Release|Any CPU
		{447D45E0-C332-4343-BC1A-DF7819D1459E}.Release|Any CPU.Build.0 = Release|Any CPU
	EndGlobalSection
	GlobalSection(SolutionProperties) = preSolution
		HideSolutionNode = FALSE
	EndGlobalSection
	GlobalSection(ExtensibilityGlobals) = postSolution
		SolutionGuid = {E7520CF9-A1C5-4498-A77C-64DBF4F859E5}
	EndGlobalSection
EndGlobal
